
Microsoft Visual Studio Solution File, Format Version 12.00
# Visual Studio Version 16
VisualStudioVersion = 16.0.30711.63
MinimumVisualStudioVersion = 10.0.40219.1
Project("{9A19103F-16F7-4668-BE54-9A1E7A4F7556}") = "Case01", "Case01\Case01.csproj", "{456EE3A5-C7D8-466D-9595-2E7AEBC79D55}"
EndProject
Project("{9A19103F-16F7-4668-BE54-9A1E7A4F7556}") = "Case02", "Case02\Case02.csproj", "{ABC1543C-B835-4AB2-B91C-7B461423D387}"
EndProject
Project("{9A19103F-16F7-4668-BE54-9A1E7A4F7556}") = "Case03", "Case03\Case03.csproj", "{52E0D012-4EA8-4264-BF5A-8FF986A24C93}"
EndProject
Project("{9A19103F-16F7-4668-BE54-9A1E7A4F7556}") = "Case04", "Case04\Case04.csproj", "{70857BCB-A647-4FD4-86F8-F156E0CD1D92}"
EndProject
Project("{9A19103F-16F7-4668-BE54-9A1E7A4F7556}") = "Case05", "Case05\Case05.csproj", "{C376EB2D-C2CA-427C-B015-8640E80E5D00}"
EndProject
Project("{9A19103F-16F7-4668-BE54-9A1E7A4F7556}") = "Case06", "Case06\Case06.csproj", "{D7F7C1E0-938E-42D8-A1A1-C39018ED611C}"
EndProject
Project("{FAE04EC0-301F-11D3-BF4B-00C04F79EFBC}") = "Case99", "Case99\Case99.csproj", "{E2648BC6-CE67-4F96-80E3-B0919F55C6BC}"
EndProject
Global
	GlobalSection(SolutionConfigurationPlatforms) = preSolution
		Debug|Any CPU = Debug|Any CPU
		Release|Any CPU = Release|Any CPU
	EndGlobalSection
	GlobalSection(ProjectConfigurationPlatforms) = postSolution
		{456EE3A5-C7D8-466D-9595-2E7AEBC79D55}.Debug|Any CPU.ActiveCfg = Debug|Any CPU
		{456EE3A5-C7D8-466D-9595-2E7AEBC79D55}.Debug|Any CPU.Build.0 = Debug|Any CPU
		{456EE3A5-C7D8-466D-9595-2E7AEBC79D55}.Release|Any CPU.ActiveCfg = Release|Any CPU
		{456EE3A5-C7D8-466D-9595-2E7AEBC79D55}.Release|Any CPU.Build.0 = Release|Any CPU
		{ABC1543C-B835-4AB2-B91C-7B461423D387}.Debug|Any CPU.ActiveCfg = Debug|Any CPU
		{ABC1543C-B835-4AB2-B91C-7B461423D387}.Debug|Any CPU.Build.0 = Debug|Any CPU
		{ABC1543C-B835-4AB2-B91C-7B461423D387}.Release|Any CPU.ActiveCfg = Release|Any CPU
		{ABC1543C-B835-4AB2-B91C-7B461423D387}.Release|Any CPU.Build.0 = Release|Any CPU
		{52E0D012-4EA8-4264-BF5A-8FF986A24C93}.Debug|Any CPU.ActiveCfg = Debug|Any CPU
		{52E0D012-4EA8-4264-BF5A-8FF986A24C93}.Debug|Any CPU.Build.0 = Debug|Any CPU
		{52E0D012-4EA8-4264-BF5A-8FF986A24C93}.Release|Any CPU.ActiveCfg = Release|Any CPU
		{52E0D012-4EA8-4264-BF5A-8FF986A24C93}.Release|Any CPU.Build.0 = Release|Any CPU
		{70857BCB-A647-4FD4-86F8-F156E0CD1D92}.Debug|Any CPU.ActiveCfg = Debug|Any CPU
		{70857BCB-A647-4FD4-86F8-F156E0CD1D92}.Debug|Any CPU.Build.0 = Debug|Any CPU
		{70857BCB-A647-4FD4-86F8-F156E0CD1D92}.Release|Any CPU.ActiveCfg = Release|Any CPU
		{70857BCB-A647-4FD4-86F8-F156E0CD1D92}.Release|Any CPU.Build.0 = Release|Any CPU
		{C376EB2D-C2CA-427C-B015-8640E80E5D00}.Debug|Any CPU.ActiveCfg = Debug|Any CPU
		{C376EB2D-C2CA-427C-B015-8640E80E5D00}.Debug|Any CPU.Build.0 = Debug|Any CPU
		{C376EB2D-C2CA-427C-B015-8640E80E5D00}.Release|Any CPU.ActiveCfg = Release|Any CPU
		{C376EB2D-C2CA-427C-B015-8640E80E5D00}.Release|Any CPU.Build.0 = Release|Any CPU
		{D7F7C1E0-938E-42D8-A1A1-C39018ED611C}.Debug|Any CPU.ActiveCfg = Debug|Any CPU
		{D7F7C1E0-938E-42D8-A1A1-C39018ED611C}.Debug|Any CPU.Build.0 = Debug|Any CPU
		{D7F7C1E0-938E-42D8-A1A1-C39018ED611C}.Release|Any CPU.ActiveCfg = Release|Any CPU
		{D7F7C1E0-938E-42D8-A1A1-C39018ED611C}.Release|Any CPU.Build.0 = Release|Any CPU
		{E2648BC6-CE67-4F96-80E3-B0919F55C6BC}.Debug|Any CPU.ActiveCfg = Debug|Any CPU
		{E2648BC6-CE67-4F96-80E3-B0919F55C6BC}.Debug|Any CPU.Build.0 = Debug|Any CPU
		{E2648BC6-CE67-4F96-80E3-B0919F55C6BC}.Release|Any CPU.ActiveCfg = Release|Any CPU
		{E2648BC6-CE67-4F96-80E3-B0919F55C6BC}.Release|Any CPU.Build.0 = Release|Any CPU
	EndGlobalSection
	GlobalSection(SolutionProperties) = preSolution
		HideSolutionNode = FALSE
	EndGlobalSection
	GlobalSection(ExtensibilityGlobals) = postSolution
		SolutionGuid = {28473A57-4037-4B81-B228-14B79D65A505}
	EndGlobalSection
EndGlobal
